// !$*UTF8*$!
{
	archiveVersion = 1;
	classes = {
	};
	objectVersion = 46;
	objects = {

/* Begin PBXBuildFile section */
		7913DAC0C37649486717C1FB /* Pods_ContactO.framework in Frameworks */ = {isa = PBXBuildFile; fileRef = F174E015F296871708F31F88 /* Pods_ContactO.framework */; };
		CC6C830F1EB4C70D008B710A /* roger-federer.jpg in Resources */ = {isa = PBXBuildFile; fileRef = CC6C830E1EB4C70D008B710A /* roger-federer.jpg */; };
		CCDCA61E1EB4A0E600DFE8DB /* AppDelegate.swift in Sources */ = {isa = PBXBuildFile; fileRef = CCDCA61D1EB4A0E600DFE8DB /* AppDelegate.swift */; };
		CCDCA6201EB4A0E600DFE8DB /* ViewController.swift in Sources */ = {isa = PBXBuildFile; fileRef = CCDCA61F1EB4A0E600DFE8DB /* ViewController.swift */; };
		CCDCA6231EB4A0E600DFE8DB /* Main.storyboard in Resources */ = {isa = PBXBuildFile; fileRef = CCDCA6211EB4A0E600DFE8DB /* Main.storyboard */; };
		CCDCA6251EB4A0E600DFE8DB /* Assets.xcassets in Resources */ = {isa = PBXBuildFile; fileRef = CCDCA6241EB4A0E600DFE8DB /* Assets.xcassets */; };
		CCDCA6281EB4A0E600DFE8DB /* LaunchScreen.storyboard in Resources */ = {isa = PBXBuildFile; fileRef = CCDCA6261EB4A0E600DFE8DB /* LaunchScreen.storyboard */; };
		CCDCA6301EB4A59F00DFE8DB /* JETSLoginViewController.swift in Sources */ = {isa = PBXBuildFile; fileRef = CCDCA62F1EB4A59F00DFE8DB /* JETSLoginViewController.swift */; };
		CCDCA6321EB4A5BB00DFE8DB /* JETSRegisterViewController.swift in Sources */ = {isa = PBXBuildFile; fileRef = CCDCA6311EB4A5BB00DFE8DB /* JETSRegisterViewController.swift */; };
		CCDCA6341EB4A94A00DFE8DB /* JESTContactsTableViewController.swift in Sources */ = {isa = PBXBuildFile; fileRef = CCDCA6331EB4A94A00DFE8DB /* JESTContactsTableViewController.swift */; };
		CCDCA63A1EB4ADA400DFE8DB /* JETSDetailsViewController.swift in Sources */ = {isa = PBXBuildFile; fileRef = CCDCA6391EB4ADA400DFE8DB /* JETSDetailsViewController.swift */; };
		CCDCA63C1EB4C47C00DFE8DB /* JETSAddViewController.swift in Sources */ = {isa = PBXBuildFile; fileRef = CCDCA63B1EB4C47C00DFE8DB /* JETSAddViewController.swift */; };
/* End PBXBuildFile section */

/* Begin PBXFileReference section */
		8B14187823CDED9F18C88E95 /* Pods-ContactO.debug.xcconfig */ = {isa = PBXFileReference; includeInIndex = 1; lastKnownFileType = text.xcconfig; name = "Pods-ContactO.debug.xcconfig"; path = "Pods/Target Support Files/Pods-ContactO/Pods-ContactO.debug.xcconfig"; sourceTree = "<group>"; };
		AABAC4DA59F4D66578DFE3F5 /* Pods-ContactO.release.xcconfig */ = {isa = PBXFileReference; includeInIndex = 1; lastKnownFileType = text.xcconfig; name = "Pods-ContactO.release.xcconfig"; path = "Pods/Target Support Files/Pods-ContactO/Pods-ContactO.release.xcconfig"; sourceTree = "<group>"; };
		CC6C830E1EB4C70D008B710A /* roger-federer.jpg */ = {isa = PBXFileReference; lastKnownFileType = image.jpeg; path = "roger-federer.jpg"; sourceTree = "<group>"; };
		CCDCA61A1EB4A0E600DFE8DB /* ContactO.app */ = {isa = PBXFileReference; explicitFileType = wrapper.application; includeInIndex = 0; path = ContactO.app; sourceTree = BUILT_PRODUCTS_DIR; };
		CCDCA61D1EB4A0E600DFE8DB /* AppDelegate.swift */ = {isa = PBXFileReference; lastKnownFileType = sourcecode.swift; path = AppDelegate.swift; sourceTree = "<group>"; };
		CCDCA61F1EB4A0E600DFE8DB /* ViewController.swift */ = {isa = PBXFileReference; lastKnownFileType = sourcecode.swift; path = ViewController.swift; sourceTree = "<group>"; };
		CCDCA6221EB4A0E600DFE8DB /* Base */ = {isa = PBXFileReference; lastKnownFileType = file.storyboard; name = Base; path = Base.lproj/Main.storyboard; sourceTree = "<group>"; };
		CCDCA6241EB4A0E600DFE8DB /* Assets.xcassets */ = {isa = PBXFileReference; lastKnownFileType = folder.assetcatalog; path = Assets.xcassets; sourceTree = "<group>"; };
		CCDCA6271EB4A0E600DFE8DB /* Base */ = {isa = PBXFileReference; lastKnownFileType = file.storyboard; name = Base; path = Base.lproj/LaunchScreen.storyboard; sourceTree = "<group>"; };
		CCDCA6291EB4A0E600DFE8DB /* Info.plist */ = {isa = PBXFileReference; lastKnownFileType = text.plist.xml; path = Info.plist; sourceTree = "<group>"; };
		CCDCA62F1EB4A59F00DFE8DB /* JETSLoginViewController.swift */ = {isa = PBXFileReference; fileEncoding = 4; lastKnownFileType = sourcecode.swift; path = JETSLoginViewController.swift; sourceTree = "<group>"; };
		CCDCA6311EB4A5BB00DFE8DB /* JETSRegisterViewController.swift */ = {isa = PBXFileReference; fileEncoding = 4; lastKnownFileType = sourcecode.swift; path = JETSRegisterViewController.swift; sourceTree = "<group>"; };
		CCDCA6331EB4A94A00DFE8DB /* JESTContactsTableViewController.swift */ = {isa = PBXFileReference; fileEncoding = 4; lastKnownFileType = sourcecode.swift; path = JESTContactsTableViewController.swift; sourceTree = "<group>"; };
		CCDCA6391EB4ADA400DFE8DB /* JETSDetailsViewController.swift */ = {isa = PBXFileReference; fileEncoding = 4; lastKnownFileType = sourcecode.swift; path = JETSDetailsViewController.swift; sourceTree = "<group>"; };
		CCDCA63B1EB4C47C00DFE8DB /* JETSAddViewController.swift */ = {isa = PBXFileReference; fileEncoding = 4; lastKnownFileType = sourcecode.swift; path = JETSAddViewController.swift; sourceTree = "<group>"; };
		F174E015F296871708F31F88 /* Pods_ContactO.framework */ = {isa = PBXFileReference; explicitFileType = wrapper.framework; includeInIndex = 0; path = Pods_ContactO.framework; sourceTree = BUILT_PRODUCTS_DIR; };
/* End PBXFileReference section */

/* Begin PBXFrameworksBuildPhase section */
		CCDCA6171EB4A0E600DFE8DB /* Frameworks */ = {
			isa = PBXFrameworksBuildPhase;
			buildActionMask = 2147483647;
			files = (
				7913DAC0C37649486717C1FB /* Pods_ContactO.framework in Frameworks */,
			);
			runOnlyForDeploymentPostprocessing = 0;
		};
/* End PBXFrameworksBuildPhase section */

/* Begin PBXGroup section */
		7BB2BC0A2B86FDC5C4DE762C /* Frameworks */ = {
			isa = PBXGroup;
			children = (
				F174E015F296871708F31F88 /* Pods_ContactO.framework */,
			);
			name = Frameworks;
			sourceTree = "<group>";
		};
		CCDCA6111EB4A0E600DFE8DB = {
			isa = PBXGroup;
			children = (
				CCDCA61C1EB4A0E600DFE8DB /* ContactO */,
				CCDCA61B1EB4A0E600DFE8DB /* Products */,
				F35B8316A2405EA76987B7B3 /* Pods */,
				7BB2BC0A2B86FDC5C4DE762C /* Frameworks */,
			);
			sourceTree = "<group>";
		};
		CCDCA61B1EB4A0E600DFE8DB /* Products */ = {
			isa = PBXGroup;
			children = (
				CCDCA61A1EB4A0E600DFE8DB /* ContactO.app */,
			);
			name = Products;
			sourceTree = "<group>";
		};
		CCDCA61C1EB4A0E600DFE8DB /* ContactO */ = {
			isa = PBXGroup;
			children = (
				CC6C830E1EB4C70D008B710A /* roger-federer.jpg */,
				CCDCA61D1EB4A0E600DFE8DB /* AppDelegate.swift */,
				CCDCA61F1EB4A0E600DFE8DB /* ViewController.swift */,
				CCDCA6211EB4A0E600DFE8DB /* Main.storyboard */,
				CCDCA6241EB4A0E600DFE8DB /* Assets.xcassets */,
				CCDCA6261EB4A0E600DFE8DB /* LaunchScreen.storyboard */,
				CCDCA6291EB4A0E600DFE8DB /* Info.plist */,
				CCDCA62F1EB4A59F00DFE8DB /* JETSLoginViewController.swift */,
				CCDCA6311EB4A5BB00DFE8DB /* JETSRegisterViewController.swift */,
				CCDCA6331EB4A94A00DFE8DB /* JESTContactsTableViewController.swift */,
				CCDCA6391EB4ADA400DFE8DB /* JETSDetailsViewController.swift */,
				CCDCA63B1EB4C47C00DFE8DB /* JETSAddViewController.swift */,
			);
			path = ContactO;
			sourceTree = "<group>";
		};
		F35B8316A2405EA76987B7B3 /* Pods */ = {
			isa = PBXGroup;
			children = (
				8B14187823CDED9F18C88E95 /* Pods-ContactO.debug.xcconfig */,
				AABAC4DA59F4D66578DFE3F5 /* Pods-ContactO.release.xcconfig */,
			);
			name = Pods;
			sourceTree = "<group>";
		};
/* End PBXGroup section */

/* Begin PBXNativeTarget section */
		CCDCA6191EB4A0E600DFE8DB /* ContactO */ = {
			isa = PBXNativeTarget;
			buildConfigurationList = CCDCA62C1EB4A0E600DFE8DB /* Build configuration list for PBXNativeTarget "ContactO" */;
			buildPhases = (
				EE1F13DE26B3342D241D1AA4 /* [CP] Check Pods Manifest.lock */,
				CCDCA6161EB4A0E600DFE8DB /* Sources */,
				CCDCA6171EB4A0E600DFE8DB /* Frameworks */,
				CCDCA6181EB4A0E600DFE8DB /* Resources */,
				167E5C7C073C0E29F066C236 /* [CP] Embed Pods Frameworks */,
				F368372B6E864B832368917B /* [CP] Copy Pods Resources */,
			);
			buildRules = (
			);
			dependencies = (
			);
			name = ContactO;
			productName = ContactO;
			productReference = CCDCA61A1EB4A0E600DFE8DB /* ContactO.app */;
			productType = "com.apple.product-type.application";
		};
/* End PBXNativeTarget section */

/* Begin PBXProject section */
		CCDCA6121EB4A0E600DFE8DB /* Project object */ = {
			isa = PBXProject;
			attributes = {
				LastSwiftUpdateCheck = 0730;
				LastUpgradeCheck = 0730;
				ORGANIZATIONNAME = JETS;
				TargetAttributes = {
					CCDCA6191EB4A0E600DFE8DB = {
						CreatedOnToolsVersion = 7.3.1;
					};
				};
			};
			buildConfigurationList = CCDCA6151EB4A0E600DFE8DB /* Build configuration list for PBXProject "ContactO" */;
			compatibilityVersion = "Xcode 3.2";
			developmentRegion = English;
			hasScannedForEncodings = 0;
			knownRegions = (
				en,
				Base,
			);
			mainGroup = CCDCA6111EB4A0E600DFE8DB;
			productRefGroup = CCDCA61B1EB4A0E600DFE8DB /* Products */;
			projectDirPath = "";
			projectRoot = "";
			targets = (
				CCDCA6191EB4A0E600DFE8DB /* ContactO */,
			);
		};
/* End PBXProject section */

/* Begin PBXResourcesBuildPhase section */
		CCDCA6181EB4A0E600DFE8DB /* Resources */ = {
			isa = PBXResourcesBuildPhase;
			buildActionMask = 2147483647;
			files = (
				CC6C830F1EB4C70D008B710A /* roger-federer.jpg in Resources */,
				CCDCA6281EB4A0E600DFE8DB /* LaunchScreen.storyboard in Resources */,
				CCDCA6251EB4A0E600DFE8DB /* Assets.xcassets in Resources */,
				CCDCA6231EB4A0E600DFE8DB /* Main.storyboard in Resources */,
			);
			runOnlyForDeploymentPostprocessing = 0;
		};
/* End PBXResourcesBuildPhase section */

/* Begin PBXShellScriptBuildPhase section */
		167E5C7C073C0E29F066C236 /* [CP] Embed Pods Frameworks */ = {
			isa = PBXShellScriptBuildPhase;
			buildActionMask = 2147483647;
			files = (
			);
			inputPaths = (
			);
			name = "[CP] Embed Pods Frameworks";
			outputPaths = (
			);
			runOnlyForDeploymentPostprocessing = 0;
			shellPath = /bin/sh;
			shellScript = "\"${SRCROOT}/Pods/Target Support Files/Pods-ContactO/Pods-ContactO-frameworks.sh\"\n";
			showEnvVarsInLog = 0;
		};
		EE1F13DE26B3342D241D1AA4 /* [CP] Check Pods Manifest.lock */ = {
			isa = PBXShellScriptBuildPhase;
			buildActionMask = 2147483647;
			files = (
			);
			inputPaths = (
			);
			name = "[CP] Check Pods Manifest.lock";
			outputPaths = (
			);
			runOnlyForDeploymentPostprocessing = 0;
			shellPath = /bin/sh;
			shellScript = "diff \"${PODS_ROOT}/../Podfile.lock\" \"${PODS_ROOT}/Manifest.lock\" > /dev/null\nif [ $? != 0 ] ; then\n    # print error to STDERR\n    echo \"error: The sandbox is not in sync with the Podfile.lock. Run 'pod install' or update your CocoaPods installation.\" >&2\n    exit 1\nfi\n";
			showEnvVarsInLog = 0;
		};
		F368372B6E864B832368917B /* [CP] Copy Pods Resources */ = {
			isa = PBXShellScriptBuildPhase;
			buildActionMask = 2147483647;
			files = (
			);
			inputPaths = (
			);
			name = "[CP] Copy Pods Resources";
			outputPaths = (
			);
			runOnlyForDeploymentPostprocessing = 0;
			shellPath = /bin/sh;
			shellScript = "\"${SRCROOT}/Pods/Target Support Files/Pods-ContactO/Pods-ContactO-resources.sh\"\n";
			showEnvVarsInLog = 0;
		};
/* End PBXShellScriptBuildPhase section */

/* Begin PBXSourcesBuildPhase section */
		CCDCA6161EB4A0E600DFE8DB /* Sources */ = {
			isa = PBXSourcesBuildPhase;
			buildActionMask = 2147483647;
			files = (
				CCDCA6301EB4A59F00DFE8DB /* JETSLoginViewController.swift in Sources */,
				CCDCA6201EB4A0E600DFE8DB /* ViewController.swift in Sources */,
				CCDCA6321EB4A5BB00DFE8DB /* JETSRegisterViewController.swift in Sources */,
				CCDCA63C1EB4C47C00DFE8DB /* JETSAddViewController.swift in Sources */,
				CCDCA61E1EB4A0E600DFE8DB /* AppDelegate.swift in Sources */,
				CCDCA6341EB4A94A00DFE8DB /* JESTContactsTableViewController.swift in Sources */,
				CCDCA63A1EB4ADA400DFE8DB /* JETSDetailsViewController.swift in Sources */,
			);
			runOnlyForDeploymentPostprocessing = 0;
		};
/* End PBXSourcesBuildPhase section */

/* Begin PBXVariantGroup section */
		CCDCA6211EB4A0E600DFE8DB /* Main.storyboard */ = {
			isa = PBXVariantGroup;
			children = (
				CCDCA6221EB4A0E600DFE8DB /* Base */,
			);
			name = Main.storyboard;
			sourceTree = "<group>";
		};
		CCDCA6261EB4A0E600DFE8DB /* LaunchScreen.storyboard */ = {
			isa = PBXVariantGroup;
			children = (
				CCDCA6271EB4A0E600DFE8DB /* Base */,
			);
			name = LaunchScreen.storyboard;
			sourceTree = "<group>";
		};
/* End PBXVariantGroup section */

/* Begin XCBuildConfiguration section */
		CCDCA62A1EB4A0E600DFE8DB /* Debug */ = {
			isa = XCBuildConfiguration;
			buildSettings = {
				ALWAYS_SEARCH_USER_PATHS = NO;
				CLANG_ANALYZER_NONNULL = YES;
				CLANG_CXX_LANGUAGE_STANDARD = "gnu++0x";
				CLANG_CXX_LIBRARY = "libc++";
				CLANG_ENABLE_MODULES = YES;
				CLANG_ENABLE_OBJC_ARC = YES;
				CLANG_WARN_BOOL_CONVERSION = YES;
				CLANG_WARN_CONSTANT_CONVERSION = YES;
				CLANG_WARN_DIRECT_OBJC_ISA_USAGE = YES_ERROR;
				CLANG_WARN_EMPTY_BODY = YES;
				CLANG_WARN_ENUM_CONVERSION = YES;
				CLANG_WARN_INT_CONVERSION = YES;
				CLANG_WARN_OBJC_ROOT_CLASS = YES_ERROR;
				CLANG_WARN_UNREACHABLE_CODE = YES;
				CLANG_WARN__DUPLICATE_METHOD_MATCH = YES;
				"CODE_SIGN_IDENTITY[sdk=iphoneos*]" = "iPhone Developer";
				COPY_PHASE_STRIP = NO;
				DEBUG_INFORMATION_FORMAT = dwarf;
				ENABLE_STRICT_OBJC_MSGSEND = YES;
				ENABLE_TESTABILITY = YES;
				GCC_C_LANGUAGE_STANDARD = gnu99;
				GCC_DYNAMIC_NO_PIC = NO;
				GCC_NO_COMMON_BLOCKS = YES;
				GCC_OPTIMIZATION_LEVEL = 0;
				GCC_PREPROCESSOR_DEFINITIONS = (
					"DEBUG=1",
					"$(inherited)",
				);
				GCC_WARN_64_TO_32_BIT_CONVERSION = YES;
				GCC_WARN_ABOUT_RETURN_TYPE = YES_ERROR;
				GCC_WARN_UNDECLARED_SELECTOR = YES;
				GCC_WARN_UNINITIALIZED_AUTOS = YES_AGGRESSIVE;
				GCC_WARN_UNUSED_FUNCTION = YES;
				GCC_WARN_UNUSED_VARIABLE = YES;
				IPHONEOS_DEPLOYMENT_TARGET = 9.3;
				MTL_ENABLE_DEBUG_INFO = YES;
				ONLY_ACTIVE_ARCH = YES;
				SDKROOT = iphoneos;
				SWIFT_OPTIMIZATION_LEVEL = "-Onone";
			};
			name = Debug;
		};
		CCDCA62B1EB4A0E600DFE8DB /* Release */ = {
			isa = XCBuildConfiguration;
			buildSettings = {
				ALWAYS_SEARCH_USER_PATHS = NO;
				CLANG_ANALYZER_NONNULL = YES;
				CLANG_CXX_LANGUAGE_STANDARD = "gnu++0x";
				CLANG_CXX_LIBRARY = "libc++";
				CLANG_ENABLE_MODULES = YES;
				CLANG_ENABLE_OBJC_ARC = YES;
				CLANG_WARN_BOOL_CONVERSION = YES;
				CLANG_WARN_CONSTANT_CONVERSION = YES;
				CLANG_WARN_DIRECT_OBJC_ISA_USAGE = YES_ERROR;
				CLANG_WARN_EMPTY_BODY = YES;
				CLANG_WARN_ENUM_CONVERSION = YES;
				CLANG_WARN_INT_CONVERSION = YES;
				CLANG_WARN_OBJC_ROOT_CLASS = YES_ERROR;
				CLANG_WARN_UNREACHABLE_CODE = YES;
				CLANG_WARN__DUPLICATE_METHOD_MATCH = YES;
				"CODE_SIGN_IDENTITY[sdk=iphoneos*]" = "iPhone Developer";
				COPY_PHASE_STRIP = NO;
				DEBUG_INFORMATION_FORMAT = "dwarf-with-dsym";
				ENABLE_NS_ASSERTIONS = NO;
				ENABLE_STRICT_OBJC_MSGSEND = YES;
				GCC_C_LANGUAGE_STANDARD = gnu99;
				GCC_NO_COMMON_BLOCKS = YES;
				GCC_WARN_64_TO_32_BIT_CONVERSION = YES;
				GCC_WARN_ABOUT_RETURN_TYPE = YES_ERROR;
				GCC_WARN_UNDECLARED_SELECTOR = YES;
				GCC_WARN_UNINITIALIZED_AUTOS = YES_AGGRESSIVE;
				GCC_WARN_UNUSED_FUNCTION = YES;
				GCC_WARN_UNUSED_VARIABLE = YES;
				IPHONEOS_DEPLOYMENT_TARGET = 9.3;
				MTL_ENABLE_DEBUG_INFO = NO;
				SDKROOT = iphoneos;
				VALIDATE_PRODUCT = YES;
			};
			name = Release;
		};
		CCDCA62D1EB4A0E600DFE8DB /* Debug */ = {
			isa = XCBuildConfiguration;
			baseConfigurationReference = 8B14187823CDED9F18C88E95 /* Pods-ContactO.debug.xcconfig */;
			buildSettings = {
				ASSETCATALOG_COMPILER_APPICON_NAME = AppIcon;
				INFOPLIST_FILE = ContactO/Info.plist;
				LD_RUNPATH_SEARCH_PATHS = "$(inherited) @executable_path/Frameworks";
				PRODUCT_BUNDLE_IDENTIFIER = JETS.ContactO;
				PRODUCT_NAME = "$(TARGET_NAME)";
			};
			name = Debug;
		};
		CCDCA62E1EB4A0E600DFE8DB /* Release */ = {
			isa = XCBuildConfiguration;
			baseConfigurationReference = AABAC4DA59F4D66578DFE3F5 /* Pods-ContactO.release.xcconfig */;
			buildSettings = {
				ASSETCATALOG_COMPILER_APPICON_NAME = AppIcon;
				INFOPLIST_FILE = ContactO/Info.plist;
				LD_RUNPATH_SEARCH_PATHS = "$(inherited) @executable_path/Frameworks";
				PRODUCT_BUNDLE_IDENTIFIER = JETS.ContactO;
				PRODUCT_NAME = "$(TARGET_NAME)";
			};
			name = Release;
		};
/* End XCBuildConfiguration section */

/* Begin XCConfigurationList section */
		CCDCA6151EB4A0E600DFE8DB /* Build configuration list for PBXProject "ContactO" */ = {
			isa = XCConfigurationList;
			buildConfigurations = (
				CCDCA62A1EB4A0E600DFE8DB /* Debug */,
				CCDCA62B1EB4A0E600DFE8DB /* Release */,
			);
			defaultConfigurationIsVisible = 0;
			defaultConfigurationName = Release;
		};
		CCDCA62C1EB4A0E600DFE8DB /* Build configuration list for PBXNativeTarget "ContactO" */ = {
			isa = XCConfigurationList;
			buildConfigurations = (
				CCDCA62D1EB4A0E600DFE8DB /* Debug */,
				CCDCA62E1EB4A0E600DFE8DB /* Release */,
			);
			defaultConfigurationIsVisible = 0;
			defaultConfigurationName = Release;
		};
/* End XCConfigurationList section */
	};
	rootObject = CCDCA6121EB4A0E600DFE8DB /* Project object */;
}
